Microsoft Visual Studio Solution File, Format Version 12.00
# Visual Studio Version 17
VisualStudioVersion = 17.13.35931.197
MinimumVisualStudioVersion = 10.0.40219.1
Project("{2150E333-8FDC-42A3-9474-1A3956D46DE8}") = "src", "src", "{02EA681E-C7D8-13C7-8484-4AC65E1B71E8}"
EndProject
Project("{FAE04EC0-301F-11D3-BF4B-00C04F79EFBC}") = "GoogleDriver.Data", "src\GoogleDriver.Data\GoogleDriver.Data.csproj", "{81066EE3-DE48-4B4F-BD2C-D0724660E889}"
EndProject
Project("{FAE04EC0-301F-11D3-BF4B-00C04F79EFBC}") = "GoogleDriver.API", "src\GoogleDriver.API\GoogleDriver.API.csproj", "{45BE2A32-B90B-49C8-9321-B8AD134357EB}"
EndProject
Project("{FAE04EC0-301F-11D3-BF4B-00C04F79EFBC}") = "GoogleDriver.Domain", "src\GoogleDriver.Domain\GoogleDriver.Domain.csproj", "{407CDB3C-F76D-4CA6-B070-D4381250DDED}"
EndProject
Project("{FAE04EC0-301F-11D3-BF4B-00C04F79EFBC}") = "GoogleDriver.Application", "src\GoogleDriver.Application\GoogleDriver.Application.csproj", "{54FE3208-21FB-4CC6-9687-A6A4AEBDE8A8}"
EndProject
Global
	GlobalSection(SolutionConfigurationPlatforms) = preSolution
		Debug|Any CPU = Debug|Any CPU
		Release|Any CPU = Release|Any CPU
	EndGlobalSection
	GlobalSection(ProjectConfigurationPlatforms) = postSolution
		{81066EE3-DE48-4B4F-BD2C-D0724660E889}.Debug|Any CPU.ActiveCfg = Debug|Any CPU
		{81066EE3-DE48-4B4F-BD2C-D0724660E889}.Debug|Any CPU.Build.0 = Debug|Any CPU
		{81066EE3-DE48-4B4F-BD2C-D0724660E889}.Release|Any CPU.ActiveCfg = Release|Any CPU
		{81066EE3-DE48-4B4F-BD2C-D0724660E889}.Release|Any CPU.Build.0 = Release|Any CPU
		{45BE2A32-B90B-49C8-9321-B8AD134357EB}.Debug|Any CPU.ActiveCfg = Debug|Any CPU
		{45BE2A32-B90B-49C8-9321-B8AD134357EB}.Debug|Any CPU.Build.0 = Debug|Any CPU
		{45BE2A32-B90B-49C8-9321-B8AD134357EB}.Release|Any CPU.ActiveCfg = Release|Any CPU
		{45BE2A32-B90B-49C8-9321-B8AD134357EB}.Release|Any CPU.Build.0 = Release|Any CPU
		{407CDB3C-F76D-4CA6-B070-D4381250DDED}.Debug|Any CPU.ActiveCfg = Debug|Any CPU
		{407CDB3C-F76D-4CA6-B070-D4381250DDED}.Debug|Any CPU.Build.0 = Debug|Any CPU
		{407CDB3C-F76D-4CA6-B070-D4381250DDED}.Release|Any CPU.ActiveCfg = Release|Any CPU
		{407CDB3C-F76D-4CA6-B070-D4381250DDED}.Release|Any CPU.Build.0 = Release|Any CPU
		{54FE3208-21FB-4CC6-9687-A6A4AEBDE8A8}.Debug|Any CPU.ActiveCfg = Debug|Any CPU
		{54FE3208-21FB-4CC6-9687-A6A4AEBDE8A8}.Debug|Any CPU.Build.0 = Debug|Any CPU
		{54FE3208-21FB-4CC6-9687-A6A4AEBDE8A8}.Release|Any CPU.ActiveCfg = Release|Any CPU
		{54FE3208-21FB-4CC6-9687-A6A4AEBDE8A8}.Release|Any CPU.Build.0 = Release|Any CPU
	EndGlobalSection
	GlobalSection(SolutionProperties) = preSolution
		HideSolutionNode = FALSE
	EndGlobalSection
	GlobalSection(NestedProjects) = preSolution
		{81066EE3-DE48-4B4F-BD2C-D0724660E889} = {02EA681E-C7D8-13C7-8484-4AC65E1B71E8}
		{45BE2A32-B90B-49C8-9321-B8AD134357EB} = {02EA681E-C7D8-13C7-8484-4AC65E1B71E8}
		{407CDB3C-F76D-4CA6-B070-D4381250DDED} = {02EA681E-C7D8-13C7-8484-4AC65E1B71E8}
		{54FE3208-21FB-4CC6-9687-A6A4AEBDE8A8} = {02EA681E-C7D8-13C7-8484-4AC65E1B71E8}
	EndGlobalSection
	GlobalSection(ExtensibilityGlobals) = postSolution
		SolutionGuid = {B318111C-ACE5-4E67-9DB9-C98F8357189A}
	EndGlobalSection
EndGlobal
